
Microsoft Visual Studio Solution File, Format Version 12.00
# Visual Studio 15
VisualStudioVersion = 15.0.27004.2006
MinimumVisualStudioVersion = 10.0.40219.1
Project("{9A19103F-16F7-4668-BE54-9A1E7A4F7556}") = "CodingKobold.LFG.API", "CodingKobold.LFG.API\CodingKobold.LFG.API.csproj", "{ACD9945F-F63D-4ECA-A548-F215A15401EE}"
EndProject
Project("{2150E333-8FDC-42A3-9474-1A3956D46DE8}") = "UnitTests", "UnitTests", "{DD615E8A-B237-4863-AB8F-A866536EFB44}"
EndProject
Project("{2150E333-8FDC-42A3-9474-1A3956D46DE8}") = "IntegrationTests", "IntegrationTests", "{A0C71272-8C34-4469-8083-81BA65EB5E7D}"
EndProject
Project("{FAE04EC0-301F-11D3-BF4B-00C04F79EFBC}") = "CodingKobold.LFG.Domain.UnitTests", "CodingKobold.LFG.Domain.UnitTests\CodingKobold.LFG.Domain.UnitTests.csproj", "{0FFB4BA3-1390-4546-9E76-3436DD70052C}"
EndProject
Project("{FAE04EC0-301F-11D3-BF4B-00C04F79EFBC}") = "CodingKobold.LFG.Domain", "CodingKobold.LFG.Domain\CodingKobold.LFG.Domain.csproj", "{5D518CDA-61E6-4FDC-8310-426B3053344A}"
EndProject
Project("{9A19103F-16F7-4668-BE54-9A1E7A4F7556}") = "CodingKobold.LFG.Web.MVC", "CodingKobold.LFG.Web.MVC\CodingKobold.LFG.Web.MVC.csproj", "{5D9EA41E-1D69-4C1F-AACB-5AB2E62AF087}"
EndProject
Global
	GlobalSection(SolutionConfigurationPlatforms) = preSolution
		Debug|Any CPU = Debug|Any CPU
		Release|Any CPU = Release|Any CPU
	EndGlobalSection
	GlobalSection(ProjectConfigurationPlatforms) = postSolution
		{ACD9945F-F63D-4ECA-A548-F215A15401EE}.Debug|Any CPU.ActiveCfg = Debug|Any CPU
		{ACD9945F-F63D-4ECA-A548-F215A15401EE}.Debug|Any CPU.Build.0 = Debug|Any CPU
		{ACD9945F-F63D-4ECA-A548-F215A15401EE}.Release|Any CPU.ActiveCfg = Release|Any CPU
		{ACD9945F-F63D-4ECA-A548-F215A15401EE}.Release|Any CPU.Build.0 = Release|Any CPU
		{0FFB4BA3-1390-4546-9E76-3436DD70052C}.Debug|Any CPU.ActiveCfg = Debug|Any CPU
		{0FFB4BA3-1390-4546-9E76-3436DD70052C}.Debug|Any CPU.Build.0 = Debug|Any CPU
		{0FFB4BA3-1390-4546-9E76-3436DD70052C}.Release|Any CPU.ActiveCfg = Release|Any CPU
		{0FFB4BA3-1390-4546-9E76-3436DD70052C}.Release|Any CPU.Build.0 = Release|Any CPU
		{5D518CDA-61E6-4FDC-8310-426B3053344A}.Debug|Any CPU.ActiveCfg = Debug|Any CPU
		{5D518CDA-61E6-4FDC-8310-426B3053344A}.Debug|Any CPU.Build.0 = Debug|Any CPU
		{5D518CDA-61E6-4FDC-8310-426B3053344A}.Release|Any CPU.ActiveCfg = Release|Any CPU
		{5D518CDA-61E6-4FDC-8310-426B3053344A}.Release|Any CPU.Build.0 = Release|Any CPU
		{5D9EA41E-1D69-4C1F-AACB-5AB2E62AF087}.Debug|Any CPU.ActiveCfg = Debug|Any CPU
		{5D9EA41E-1D69-4C1F-AACB-5AB2E62AF087}.Debug|Any CPU.Build.0 = Debug|Any CPU
		{5D9EA41E-1D69-4C1F-AACB-5AB2E62AF087}.Release|Any CPU.ActiveCfg = Release|Any CPU
		{5D9EA41E-1D69-4C1F-AACB-5AB2E62AF087}.Release|Any CPU.Build.0 = Release|Any CPU
	EndGlobalSection
	GlobalSection(SolutionProperties) = preSolution
		HideSolutionNode = FALSE
	EndGlobalSection
	GlobalSection(NestedProjects) = preSolution
		{0FFB4BA3-1390-4546-9E76-3436DD70052C} = {DD615E8A-B237-4863-AB8F-A866536EFB44}
	EndGlobalSection
	GlobalSection(ExtensibilityGlobals) = postSolution
		SolutionGuid = {536623A3-4EF1-4228-80A0-8BBE551878F8}
	EndGlobalSection
EndGlobal
